
Microsoft Visual Studio Solution File, Format Version 12.00
# Visual Studio 15
VisualStudioVersion = 15.0.28010.2036
MinimumVisualStudioVersion = 10.0.40219.1
Project("{9A19103F-16F7-4668-BE54-9A1E7A4F7556}") = "Enumeration", "Enumeration\Enumeration.csproj", "{6E8627C0-2055-48CA-B92F-B225D58B1493}"
EndProject
Project("{9A19103F-16F7-4668-BE54-9A1E7A4F7556}") = "Benchmarks.Common", "..\Benchmarks.Common\Benchmarks.Common.csproj", "{1A26CD72-3296-4D22-AE34-4AD282AFA6A5}"
EndProject
Global
	GlobalSection(SolutionConfigurationPlatforms) = preSolution
		Debug|Any CPU = Debug|Any CPU
		Release|Any CPU = Release|Any CPU
	EndGlobalSection
	GlobalSection(ProjectConfigurationPlatforms) = postSolution
		{6E8627C0-2055-48CA-B92F-B225D58B1493}.Debug|Any CPU.ActiveCfg = Debug|Any CPU
		{6E8627C0-2055-48CA-B92F-B225D58B1493}.Debug|Any CPU.Build.0 = Debug|Any CPU
		{6E8627C0-2055-48CA-B92F-B225D58B1493}.Release|Any CPU.ActiveCfg = Release|Any CPU
		{6E8627C0-2055-48CA-B92F-B225D58B1493}.Release|Any CPU.Build.0 = Release|Any CPU
		{1A26CD72-3296-4D22-AE34-4AD282AFA6A5}.Debug|Any CPU.ActiveCfg = Debug|Any CPU
		{1A26CD72-3296-4D22-AE34-4AD282AFA6A5}.Debug|Any CPU.Build.0 = Debug|Any CPU
		{1A26CD72-3296-4D22-AE34-4AD282AFA6A5}.Release|Any CPU.ActiveCfg = Release|Any CPU
		{1A26CD72-3296-4D22-AE34-4AD282AFA6A5}.Release|Any CPU.Build.0 = Release|Any CPU
	EndGlobalSection
	GlobalSection(SolutionProperties) = preSolution
		HideSolutionNode = FALSE
	EndGlobalSection
	GlobalSection(ExtensibilityGlobals) = postSolution
		SolutionGuid = {41BC3C29-A5D3-4DBA-8840-F902FFDEC128}
	EndGlobalSection
EndGlobal
